// !$*UTF8*$!
{
	archiveVersion = 1;
	classes = {
	};
	objectVersion = 50;
	objects = {

/* Begin PBXBuildFile section */
		D50BCAAE207AB1FF0008202E /* Encodable.swift in Sources */ = {isa = PBXBuildFile; fileRef = D50BCAAD207AB1FF0008202E /* Encodable.swift */; };
		D50BCAAF207AB1FF0008202E /* Encodable.swift in Sources */ = {isa = PBXBuildFile; fileRef = D50BCAAD207AB1FF0008202E /* Encodable.swift */; };
		D50BCAB0207AB1FF0008202E /* Encodable.swift in Sources */ = {isa = PBXBuildFile; fileRef = D50BCAAD207AB1FF0008202E /* Encodable.swift */; };
		D50BCAB1207AB1FF0008202E /* Encodable.swift in Sources */ = {isa = PBXBuildFile; fileRef = D50BCAAD207AB1FF0008202E /* Encodable.swift */; };
		D5161135207A9F4D001D3680 /* SwiftRexMonitorMiddleware.h in Headers */ = {isa = PBXBuildFile; fileRef = D53C5172207A956200B4FA1D /* SwiftRexMonitorMiddleware.h */; settings = {ATTRIBUTES = (Public, ); }; };
		D5161136207A9F4E001D3680 /* SwiftRexMonitorMiddleware.h in Headers */ = {isa = PBXBuildFile; fileRef = D53C5172207A956200B4FA1D /* SwiftRexMonitorMiddleware.h */; settings = {ATTRIBUTES = (Public, ); }; };
		D5161137207A9F4F001D3680 /* SwiftRexMonitorMiddleware.h in Headers */ = {isa = PBXBuildFile; fileRef = D53C5172207A956200B4FA1D /* SwiftRexMonitorMiddleware.h */; settings = {ATTRIBUTES = (Public, ); }; };
		D51DF18E207AAD6100B73F92 /* LoggerMiddleware.swift in Sources */ = {isa = PBXBuildFile; fileRef = D51DF189207AAD6100B73F92 /* LoggerMiddleware.swift */; };
		D51DF18F207AAD6100B73F92 /* LoggerMiddleware.swift in Sources */ = {isa = PBXBuildFile; fileRef = D51DF189207AAD6100B73F92 /* LoggerMiddleware.swift */; };
		D51DF190207AAD6100B73F92 /* LoggerMiddleware.swift in Sources */ = {isa = PBXBuildFile; fileRef = D51DF189207AAD6100B73F92 /* LoggerMiddleware.swift */; };
		D51DF191207AAD6100B73F92 /* LoggerMiddleware.swift in Sources */ = {isa = PBXBuildFile; fileRef = D51DF189207AAD6100B73F92 /* LoggerMiddleware.swift */; };
		D51DF192207AAD6100B73F92 /* MonitorMiddleware.swift in Sources */ = {isa = PBXBuildFile; fileRef = D51DF18B207AAD6100B73F92 /* MonitorMiddleware.swift */; };
		D51DF193207AAD6100B73F92 /* MonitorMiddleware.swift in Sources */ = {isa = PBXBuildFile; fileRef = D51DF18B207AAD6100B73F92 /* MonitorMiddleware.swift */; };
		D51DF194207AAD6100B73F92 /* MonitorMiddleware.swift in Sources */ = {isa = PBXBuildFile; fileRef = D51DF18B207AAD6100B73F92 /* MonitorMiddleware.swift */; };
		D51DF195207AAD6100B73F92 /* MonitorMiddleware.swift in Sources */ = {isa = PBXBuildFile; fileRef = D51DF18B207AAD6100B73F92 /* MonitorMiddleware.swift */; };
		D51DF196207AAD6100B73F92 /* MonitorService.swift in Sources */ = {isa = PBXBuildFile; fileRef = D51DF18C207AAD6100B73F92 /* MonitorService.swift */; };
		D51DF197207AAD6100B73F92 /* MonitorService.swift in Sources */ = {isa = PBXBuildFile; fileRef = D51DF18C207AAD6100B73F92 /* MonitorService.swift */; };
		D51DF198207AAD6100B73F92 /* MonitorService.swift in Sources */ = {isa = PBXBuildFile; fileRef = D51DF18C207AAD6100B73F92 /* MonitorService.swift */; };
		D51DF199207AAD6100B73F92 /* MonitorService.swift in Sources */ = {isa = PBXBuildFile; fileRef = D51DF18C207AAD6100B73F92 /* MonitorService.swift */; };
		D53C5174207A956200B4FA1D /* SwiftRexMonitorMiddleware.h in Headers */ = {isa = PBXBuildFile; fileRef = D53C5172207A956200B4FA1D /* SwiftRexMonitorMiddleware.h */; settings = {ATTRIBUTES = (Public, ); }; };
		D590DE21207AAF2F004F5ED9 /* SwiftRex.framework in Frameworks */ = {isa = PBXBuildFile; fileRef = D590DE20207AAF2F004F5ED9 /* SwiftRex.framework */; };
		D590DE23207AAF38004F5ED9 /* SwiftRex.framework in Frameworks */ = {isa = PBXBuildFile; fileRef = D590DE22207AAF38004F5ED9 /* SwiftRex.framework */; };
		D590DE25207AAF3E004F5ED9 /* SwiftRex.framework in Frameworks */ = {isa = PBXBuildFile; fileRef = D590DE24207AAF3E004F5ED9 /* SwiftRex.framework */; };
		D590DE27207AAF44004F5ED9 /* SwiftRex.framework in Frameworks */ = {isa = PBXBuildFile; fileRef = D590DE26207AAF44004F5ED9 /* SwiftRex.framework */; };
/* End PBXBuildFile section */

/* Begin PBXFileReference section */
		D50BCAAD207AB1FF0008202E /* Encodable.swift */ = {isa = PBXFileReference; lastKnownFileType = sourcecode.swift; path = Encodable.swift; sourceTree = "<group>"; };
		D51DF189207AAD6100B73F92 /* LoggerMiddleware.swift */ = {isa = PBXFileReference; fileEncoding = 4; lastKnownFileType = sourcecode.swift; path = LoggerMiddleware.swift; sourceTree = "<group>"; };
		D51DF18B207AAD6100B73F92 /* MonitorMiddleware.swift */ = {isa = PBXFileReference; fileEncoding = 4; lastKnownFileType = sourcecode.swift; path = MonitorMiddleware.swift; sourceTree = "<group>"; };
		D51DF18C207AAD6100B73F92 /* MonitorService.swift */ = {isa = PBXFileReference; fileEncoding = 4; lastKnownFileType = sourcecode.swift; path = MonitorService.swift; sourceTree = "<group>"; };
		D53C516F207A956200B4FA1D /* SwiftRexMonitorMiddleware.framework */ = {isa = PBXFileReference; explicitFileType = wrapper.framework; includeInIndex = 0; path = SwiftRexMonitorMiddleware.framework; sourceTree = BUILT_PRODUCTS_DIR; };
		D53C5172207A956200B4FA1D /* SwiftRexMonitorMiddleware.h */ = {isa = PBXFileReference; lastKnownFileType = sourcecode.c.h; path = SwiftRexMonitorMiddleware.h; sourceTree = "<group>"; };
		D53C5173207A956200B4FA1D /* Info-iOS.plist */ = {isa = PBXFileReference; lastKnownFileType = text.plist.xml; path = "Info-iOS.plist"; sourceTree = "<group>"; };
		D53C517D207A957000B4FA1D /* SwiftRexMonitorMiddleware.framework */ = {isa = PBXFileReference; explicitFileType = wrapper.framework; includeInIndex = 0; path = SwiftRexMonitorMiddleware.framework; sourceTree = BUILT_PRODUCTS_DIR; };
		D53C5180207A957000B4FA1D /* Info-watchOS.plist */ = {isa = PBXFileReference; lastKnownFileType = text.plist.xml; path = "Info-watchOS.plist"; sourceTree = "<group>"; };
		D53C518A207A957E00B4FA1D /* SwiftRexMonitorMiddleware.framework */ = {isa = PBXFileReference; explicitFileType = wrapper.framework; includeInIndex = 0; path = SwiftRexMonitorMiddleware.framework; sourceTree = BUILT_PRODUCTS_DIR; };
		D53C518D207A957E00B4FA1D /* Info-tvOS.plist */ = {isa = PBXFileReference; lastKnownFileType = text.plist.xml; path = "Info-tvOS.plist"; sourceTree = "<group>"; };
		D53C5197207A958A00B4FA1D /* SwiftRexMonitorMiddleware.framework */ = {isa = PBXFileReference; explicitFileType = wrapper.framework; includeInIndex = 0; path = SwiftRexMonitorMiddleware.framework; sourceTree = BUILT_PRODUCTS_DIR; };
		D53C519A207A958A00B4FA1D /* Info-macOS.plist */ = {isa = PBXFileReference; lastKnownFileType = text.plist.xml; path = "Info-macOS.plist"; sourceTree = "<group>"; };
		D590DE20207AAF2F004F5ED9 /* SwiftRex.framework */ = {isa = PBXFileReference; explicitFileType = wrapper.framework; path = SwiftRex.framework; sourceTree = BUILT_PRODUCTS_DIR; };
		D590DE22207AAF38004F5ED9 /* SwiftRex.framework */ = {isa = PBXFileReference; explicitFileType = wrapper.framework; path = SwiftRex.framework; sourceTree = BUILT_PRODUCTS_DIR; };
		D590DE24207AAF3E004F5ED9 /* SwiftRex.framework */ = {isa = PBXFileReference; explicitFileType = wrapper.framework; path = SwiftRex.framework; sourceTree = BUILT_PRODUCTS_DIR; };
		D590DE26207AAF44004F5ED9 /* SwiftRex.framework */ = {isa = PBXFileReference; explicitFileType = wrapper.framework; path = SwiftRex.framework; sourceTree = BUILT_PRODUCTS_DIR; };
/* End PBXFileReference section */

/* Begin PBXFrameworksBuildPhase section */
		D53C516B207A956200B4FA1D /* Frameworks */ = {
			isa = PBXFrameworksBuildPhase;
			buildActionMask = 2147483647;
			files = (
				D590DE21207AAF2F004F5ED9 /* SwiftRex.framework in Frameworks */,
			);
			runOnlyForDeploymentPostprocessing = 0;
		};
		D53C5179207A957000B4FA1D /* Frameworks */ = {
			isa = PBXFrameworksBuildPhase;
			buildActionMask = 2147483647;
			files = (
				D590DE23207AAF38004F5ED9 /* SwiftRex.framework in Frameworks */,
			);
			runOnlyForDeploymentPostprocessing = 0;
		};
		D53C5186207A957E00B4FA1D /* Frameworks */ = {
			isa = PBXFrameworksBuildPhase;
			buildActionMask = 2147483647;
			files = (
				D590DE25207AAF3E004F5ED9 /* SwiftRex.framework in Frameworks */,
			);
			runOnlyForDeploymentPostprocessing = 0;
		};
		D53C5193207A958A00B4FA1D /* Frameworks */ = {
			isa = PBXFrameworksBuildPhase;
			buildActionMask = 2147483647;
			files = (
				D590DE27207AAF44004F5ED9 /* SwiftRex.framework in Frameworks */,
			);
			runOnlyForDeploymentPostprocessing = 0;
		};
/* End PBXFrameworksBuildPhase section */

/* Begin PBXGroup section */
		D50BCAAC207AB1E50008202E /* Extensions */ = {
			isa = PBXGroup;
			children = (
				D50BCAAD207AB1FF0008202E /* Encodable.swift */,
			);
			path = Extensions;
			sourceTree = "<group>";
		};
		D5161133207A9DC5001D3680 /* MonitorMiddleware */ = {
			isa = PBXGroup;
			children = (
				D53C5172207A956200B4FA1D /* SwiftRexMonitorMiddleware.h */,
				D51DF189207AAD6100B73F92 /* LoggerMiddleware.swift */,
				D50BCAAC207AB1E50008202E /* Extensions */,
				D5161134207A9E82001D3680 /* Metadata */,
				D51DF18A207AAD6100B73F92 /* SuasMonitor */,
			);
			name = MonitorMiddleware;
			path = Sources/MonitorMiddleware;
			sourceTree = "<group>";
		};
		D5161134207A9E82001D3680 /* Metadata */ = {
			isa = PBXGroup;
			children = (
				D53C5173207A956200B4FA1D /* Info-iOS.plist */,
				D53C5180207A957000B4FA1D /* Info-watchOS.plist */,
				D53C518D207A957E00B4FA1D /* Info-tvOS.plist */,
				D53C519A207A958A00B4FA1D /* Info-macOS.plist */,
			);
			path = Metadata;
			sourceTree = "<group>";
		};
		D51DF18A207AAD6100B73F92 /* SuasMonitor */ = {
			isa = PBXGroup;
			children = (
				D51DF18B207AAD6100B73F92 /* MonitorMiddleware.swift */,
				D51DF18C207AAD6100B73F92 /* MonitorService.swift */,
			);
			path = SuasMonitor;
			sourceTree = "<group>";
		};
		D53C5170207A956200B4FA1D /* Products */ = {
			isa = PBXGroup;
			children = (
				D53C516F207A956200B4FA1D /* SwiftRexMonitorMiddleware.framework */,
				D53C517D207A957000B4FA1D /* SwiftRexMonitorMiddleware.framework */,
				D53C518A207A957E00B4FA1D /* SwiftRexMonitorMiddleware.framework */,
				D53C5197207A958A00B4FA1D /* SwiftRexMonitorMiddleware.framework */,
			);
			name = Products;
			sourceTree = "<group>";
		};
		D53CC0C1207A94B400C5F5AB = {
			isa = PBXGroup;
			children = (
				D5161133207A9DC5001D3680 /* MonitorMiddleware */,
				D53C5170207A956200B4FA1D /* Products */,
				D590DE1F207AAF2F004F5ED9 /* Frameworks */,
			);
			sourceTree = "<group>";
		};
		D590DE1F207AAF2F004F5ED9 /* Frameworks */ = {
			isa = PBXGroup;
			children = (
				D590DE26207AAF44004F5ED9 /* SwiftRex.framework */,
				D590DE24207AAF3E004F5ED9 /* SwiftRex.framework */,
				D590DE22207AAF38004F5ED9 /* SwiftRex.framework */,
				D590DE20207AAF2F004F5ED9 /* SwiftRex.framework */,
			);
			name = Frameworks;
			sourceTree = "<group>";
		};
/* End PBXGroup section */

/* Begin PBXHeadersBuildPhase section */
		D53C516C207A956200B4FA1D /* Headers */ = {
			isa = PBXHeadersBuildPhase;
			buildActionMask = 2147483647;
			files = (
				D53C5174207A956200B4FA1D /* SwiftRexMonitorMiddleware.h in Headers */,
			);
			runOnlyForDeploymentPostprocessing = 0;
		};
		D53C517A207A957000B4FA1D /* Headers */ = {
			isa = PBXHeadersBuildPhase;
			buildActionMask = 2147483647;
			files = (
				D5161137207A9F4F001D3680 /* SwiftRexMonitorMiddleware.h in Headers */,
			);
			runOnlyForDeploymentPostprocessing = 0;
		};
		D53C5187207A957E00B4FA1D /* Headers */ = {
			isa = PBXHeadersBuildPhase;
			buildActionMask = 2147483647;
			files = (
				D5161136207A9F4E001D3680 /* SwiftRexMonitorMiddleware.h in Headers */,
			);
			runOnlyForDeploymentPostprocessing = 0;
		};
		D53C5194207A958A00B4FA1D /* Headers */ = {
			isa = PBXHeadersBuildPhase;
			buildActionMask = 2147483647;
			files = (
				D5161135207A9F4D001D3680 /* SwiftRexMonitorMiddleware.h in Headers */,
			);
			runOnlyForDeploymentPostprocessing = 0;
		};
/* End PBXHeadersBuildPhase section */

/* Begin PBXNativeTarget section */
		D53C516E207A956200B4FA1D /* SwiftRexMonitorMiddleware iOS */ = {
			isa = PBXNativeTarget;
			buildConfigurationList = D53C5177207A956200B4FA1D /* Build configuration list for PBXNativeTarget "SwiftRexMonitorMiddleware iOS" */;
			buildPhases = (
				D53C516A207A956200B4FA1D /* Sources */,
				D53C516B207A956200B4FA1D /* Frameworks */,
				D53C516C207A956200B4FA1D /* Headers */,
				D53C516D207A956200B4FA1D /* Resources */,
			);
			buildRules = (
			);
			dependencies = (
			);
			name = "SwiftRexMonitorMiddleware iOS";
			productName = "SwiftRexMonitorMiddleware iOS";
			productReference = D53C516F207A956200B4FA1D /* SwiftRexMonitorMiddleware.framework */;
			productType = "com.apple.product-type.framework";
		};
		D53C517C207A957000B4FA1D /* SwiftRexMonitorMiddleware watchOS */ = {
			isa = PBXNativeTarget;
			buildConfigurationList = D53C5182207A957000B4FA1D /* Build configuration list for PBXNativeTarget "SwiftRexMonitorMiddleware watchOS" */;
			buildPhases = (
				D53C5178207A957000B4FA1D /* Sources */,
				D53C5179207A957000B4FA1D /* Frameworks */,
				D53C517A207A957000B4FA1D /* Headers */,
				D53C517B207A957000B4FA1D /* Resources */,
			);
			buildRules = (
			);
			dependencies = (
			);
			name = "SwiftRexMonitorMiddleware watchOS";
			productName = "SwiftRexMonitorMiddleware watchOS";
			productReference = D53C517D207A957000B4FA1D /* SwiftRexMonitorMiddleware.framework */;
			productType = "com.apple.product-type.framework";
		};
		D53C5189207A957E00B4FA1D /* SwiftRexMonitorMiddleware tvOS */ = {
			isa = PBXNativeTarget;
			buildConfigurationList = D53C518F207A957E00B4FA1D /* Build configuration list for PBXNativeTarget "SwiftRexMonitorMiddleware tvOS" */;
			buildPhases = (
				D53C5185207A957E00B4FA1D /* Sources */,
				D53C5186207A957E00B4FA1D /* Frameworks */,
				D53C5187207A957E00B4FA1D /* Headers */,
				D53C5188207A957E00B4FA1D /* Resources */,
			);
			buildRules = (
			);
			dependencies = (
			);
			name = "SwiftRexMonitorMiddleware tvOS";
			productName = "SwiftRexMonitorMiddleware tvOS";
			productReference = D53C518A207A957E00B4FA1D /* SwiftRexMonitorMiddleware.framework */;
			productType = "com.apple.product-type.framework";
		};
		D53C5196207A958A00B4FA1D /* SwiftRexMonitorMiddleware macOS */ = {
			isa = PBXNativeTarget;
			buildConfigurationList = D53C519C207A958A00B4FA1D /* Build configuration list for PBXNativeTarget "SwiftRexMonitorMiddleware macOS" */;
			buildPhases = (
				D53C5192207A958A00B4FA1D /* Sources */,
				D53C5193207A958A00B4FA1D /* Frameworks */,
				D53C5194207A958A00B4FA1D /* Headers */,
				D53C5195207A958A00B4FA1D /* Resources */,
			);
			buildRules = (
			);
			dependencies = (
			);
			name = "SwiftRexMonitorMiddleware macOS";
			productName = "SwiftRexMonitorMiddleware macOS";
			productReference = D53C5197207A958A00B4FA1D /* SwiftRexMonitorMiddleware.framework */;
			productType = "com.apple.product-type.framework";
		};
/* End PBXNativeTarget section */

/* Begin PBXProject section */
		D53CC0C2207A94B400C5F5AB /* Project object */ = {
			isa = PBXProject;
			attributes = {
				LastUpgradeCheck = 0930;
				TargetAttributes = {
					D53C516E207A956200B4FA1D = {
						CreatedOnToolsVersion = 9.3;
						LastSwiftMigration = 0930;
					};
					D53C517C207A957000B4FA1D = {
						CreatedOnToolsVersion = 9.3;
						LastSwiftMigration = 0930;
					};
					D53C5189207A957E00B4FA1D = {
						CreatedOnToolsVersion = 9.3;
						LastSwiftMigration = 0930;
					};
					D53C5196207A958A00B4FA1D = {
						CreatedOnToolsVersion = 9.3;
						LastSwiftMigration = 0930;
					};
				};
			};
			buildConfigurationList = D53CC0C5207A94B400C5F5AB /* Build configuration list for PBXProject "SwiftRexMonitorMiddleware" */;
			compatibilityVersion = "Xcode 9.3";
			developmentRegion = en;
			hasScannedForEncodings = 0;
			knownRegions = (
				en,
			);
			mainGroup = D53CC0C1207A94B400C5F5AB;
			productRefGroup = D53C5170207A956200B4FA1D /* Products */;
			projectDirPath = "";
			projectRoot = "";
			targets = (
				D53C516E207A956200B4FA1D /* SwiftRexMonitorMiddleware iOS */,
				D53C517C207A957000B4FA1D /* SwiftRexMonitorMiddleware watchOS */,
				D53C5189207A957E00B4FA1D /* SwiftRexMonitorMiddleware tvOS */,
				D53C5196207A958A00B4FA1D /* SwiftRexMonitorMiddleware macOS */,
			);
		};
/* End PBXProject section */

/* Begin PBXResourcesBuildPhase section */
		D53C516D207A956200B4FA1D /* Resources */ = {
			isa = PBXResourcesBuildPhase;
			buildActionMask = 2147483647;
			files = (
			);
			runOnlyForDeploymentPostprocessing = 0;
		};
		D53C517B207A957000B4FA1D /* Resources */ = {
			isa = PBXResourcesBuildPhase;
			buildActionMask = 2147483647;
			files = (
			);
			runOnlyForDeploymentPostprocessing = 0;
		};
		D53C5188207A957E00B4FA1D /* Resources */ = {
			isa = PBXResourcesBuildPhase;
			buildActionMask = 2147483647;
			files = (
			);
			runOnlyForDeploymentPostprocessing = 0;
		};
		D53C5195207A958A00B4FA1D /* Resources */ = {
			isa = PBXResourcesBuildPhase;
			buildActionMask = 2147483647;
			files = (
			);
			runOnlyForDeploymentPostprocessing = 0;
		};
/* End PBXResourcesBuildPhase section */

/* Begin PBXSourcesBuildPhase section */
		D53C516A207A956200B4FA1D /* Sources */ = {
			isa = PBXSourcesBuildPhase;
			buildActionMask = 2147483647;
			files = (
				D51DF196207AAD6100B73F92 /* MonitorService.swift in Sources */,
				D51DF192207AAD6100B73F92 /* MonitorMiddleware.swift in Sources */,
				D51DF18E207AAD6100B73F92 /* LoggerMiddleware.swift in Sources */,
				D50BCAAE207AB1FF0008202E /* Encodable.swift in Sources */,
			);
			runOnlyForDeploymentPostprocessing = 0;
		};
		D53C5178207A957000B4FA1D /* Sources */ = {
			isa = PBXSourcesBuildPhase;
			buildActionMask = 2147483647;
			files = (
				D51DF197207AAD6100B73F92 /* MonitorService.swift in Sources */,
				D51DF193207AAD6100B73F92 /* MonitorMiddleware.swift in Sources */,
				D51DF18F207AAD6100B73F92 /* LoggerMiddleware.swift in Sources */,
				D50BCAAF207AB1FF0008202E /* Encodable.swift in Sources */,
			);
			runOnlyForDeploymentPostprocessing = 0;
		};
		D53C5185207A957E00B4FA1D /* Sources */ = {
			isa = PBXSourcesBuildPhase;
			buildActionMask = 2147483647;
			files = (
				D51DF198207AAD6100B73F92 /* MonitorService.swift in Sources */,
				D51DF194207AAD6100B73F92 /* MonitorMiddleware.swift in Sources */,
				D51DF190207AAD6100B73F92 /* LoggerMiddleware.swift in Sources */,
				D50BCAB0207AB1FF0008202E /* Encodable.swift in Sources */,
			);
			runOnlyForDeploymentPostprocessing = 0;
		};
		D53C5192207A958A00B4FA1D /* Sources */ = {
			isa = PBXSourcesBuildPhase;
			buildActionMask = 2147483647;
			files = (
				D51DF199207AAD6100B73F92 /* MonitorService.swift in Sources */,
				D51DF195207AAD6100B73F92 /* MonitorMiddleware.swift in Sources */,
				D51DF191207AAD6100B73F92 /* LoggerMiddleware.swift in Sources */,
				D50BCAB1207AB1FF0008202E /* Encodable.swift in Sources */,
			);
			runOnlyForDeploymentPostprocessing = 0;
		};
/* End PBXSourcesBuildPhase section */

/* Begin XCBuildConfiguration section */
		D53C5175207A956200B4FA1D /* Debug */ = {
			isa = XCBuildConfiguration;
			buildSettings = {
				ALWAYS_SEARCH_USER_PATHS = NO;
				APPLICATION_EXTENSION_API_ONLY = YES;
				CLANG_ANALYZER_NONNULL = YES;
				CLANG_ANALYZER_NUMBER_OBJECT_CONVERSION = YES_AGGRESSIVE;
				CLANG_CXX_LANGUAGE_STANDARD = "gnu++14";
				CLANG_CXX_LIBRARY = "libc++";
				CLANG_ENABLE_MODULES = YES;
				CLANG_ENABLE_OBJC_ARC = YES;
				CLANG_ENABLE_OBJC_WEAK = YES;
				CLANG_WARN_BLOCK_CAPTURE_AUTORELEASING = YES;
				CLANG_WARN_BOOL_CONVERSION = YES;
				CLANG_WARN_COMMA = YES;
				CLANG_WARN_CONSTANT_CONVERSION = YES;
				CLANG_WARN_DEPRECATED_OBJC_IMPLEMENTATIONS = YES;
				CLANG_WARN_DIRECT_OBJC_ISA_USAGE = YES_ERROR;
				CLANG_WARN_DOCUMENTATION_COMMENTS = YES;
				CLANG_WARN_EMPTY_BODY = YES;
				CLANG_WARN_ENUM_CONVERSION = YES;
				CLANG_WARN_INFINITE_RECURSION = YES;
				CLANG_WARN_INT_CONVERSION = YES;
				CLANG_WARN_NON_LITERAL_NULL_CONVERSION = YES;
				CLANG_WARN_OBJC_IMPLICIT_RETAIN_SELF = YES;
				CLANG_WARN_OBJC_LITERAL_CONVERSION = YES;
				CLANG_WARN_OBJC_ROOT_CLASS = YES_ERROR;
				CLANG_WARN_RANGE_LOOP_ANALYSIS = YES;
				CLANG_WARN_STRICT_PROTOTYPES = YES;
				CLANG_WARN_SUSPICIOUS_MOVE = YES;
				CLANG_WARN_UNGUARDED_AVAILABILITY = YES_AGGRESSIVE;
				CLANG_WARN_UNREACHABLE_CODE = YES;
				CLANG_WARN__DUPLICATE_METHOD_MATCH = YES;
				CODE_SIGN_IDENTITY = "iPhone Developer";
				CODE_SIGN_STYLE = Automatic;
				COPY_PHASE_STRIP = NO;
				CURRENT_PROJECT_VERSION = 0.1.0;
				DEBUG_INFORMATION_FORMAT = dwarf;
				DEFINES_MODULE = YES;
				DEVELOPMENT_TEAM = 7BK8NL3DYL;
				DYLIB_COMPATIBILITY_VERSION = 1;
				DYLIB_CURRENT_VERSION = 0.1.0;
				DYLIB_INSTALL_NAME_BASE = "@rpath";
				ENABLE_STRICT_OBJC_MSGSEND = YES;
				ENABLE_TESTABILITY = YES;
				GCC_C_LANGUAGE_STANDARD = gnu11;
				GCC_DYNAMIC_NO_PIC = NO;
				GCC_NO_COMMON_BLOCKS = YES;
				GCC_OPTIMIZATION_LEVEL = 0;
				GCC_PREPROCESSOR_DEFINITIONS = (
					"DEBUG=1",
					"$(inherited)",
				);
				GCC_WARN_64_TO_32_BIT_CONVERSION = YES;
				GCC_WARN_ABOUT_RETURN_TYPE = YES_ERROR;
				GCC_WARN_UNDECLARED_SELECTOR = YES;
				GCC_WARN_UNINITIALIZED_AUTOS = YES_AGGRESSIVE;
				GCC_WARN_UNUSED_FUNCTION = YES;
				GCC_WARN_UNUSED_VARIABLE = YES;
				INFOPLIST_FILE = "Sources/MonitorMiddleware/Metadata/Info-iOS.plist";
				INSTALL_PATH = "$(LOCAL_LIBRARY_DIR)/Frameworks";
				LD_RUNPATH_SEARCH_PATHS = (
					"$(inherited)",
					"@executable_path/Frameworks",
					"@loader_path/Frameworks",
				);
				MTL_ENABLE_DEBUG_INFO = YES;
				ONLY_ACTIVE_ARCH = YES;
				PRODUCT_BUNDLE_IDENTIFIER = "de.developercity.SwiftRexMonitorMiddleware-iOS";
				PRODUCT_NAME = SwiftRexMonitorMiddleware;
				SDKROOT = iphoneos;
				SKIP_INSTALL = YES;
				SWIFT_ACTIVE_COMPILATION_CONDITIONS = DEBUG;
				SWIFT_OPTIMIZATION_LEVEL = "-Onone";
				SWIFT_VERSION = 4.0;
				TARGETED_DEVICE_FAMILY = "1,2";
				VERSIONING_SYSTEM = "apple-generic";
				VERSION_INFO_PREFIX = "";
			};
			name = Debug;
		};
		D53C5176207A956200B4FA1D /* Release */ = {
			isa = XCBuildConfiguration;
			buildSettings = {
				ALWAYS_SEARCH_USER_PATHS = NO;
				APPLICATION_EXTENSION_API_ONLY = YES;
				CLANG_ANALYZER_NONNULL = YES;
				CLANG_ANALYZER_NUMBER_OBJECT_CONVERSION = YES_AGGRESSIVE;
				CLANG_CXX_LANGUAGE_STANDARD = "gnu++14";
				CLANG_CXX_LIBRARY = "libc++";
				CLANG_ENABLE_MODULES = YES;
				CLANG_ENABLE_OBJC_ARC = YES;
				CLANG_ENABLE_OBJC_WEAK = YES;
				CLANG_WARN_BLOCK_CAPTURE_AUTORELEASING = YES;
				CLANG_WARN_BOOL_CONVERSION = YES;
				CLANG_WARN_COMMA = YES;
				CLANG_WARN_CONSTANT_CONVERSION = YES;
				CLANG_WARN_DEPRECATED_OBJC_IMPLEMENTATIONS = YES;
				CLANG_WARN_DIRECT_OBJC_ISA_USAGE = YES_ERROR;
				CLANG_WARN_DOCUMENTATION_COMMENTS = YES;
				CLANG_WARN_EMPTY_BODY = YES;
				CLANG_WARN_ENUM_CONVERSION = YES;
				CLANG_WARN_INFINITE_RECURSION = YES;
				CLANG_WARN_INT_CONVERSION = YES;
				CLANG_WARN_NON_LITERAL_NULL_CONVERSION = YES;
				CLANG_WARN_OBJC_IMPLICIT_RETAIN_SELF = YES;
				CLANG_WARN_OBJC_LITERAL_CONVERSION = YES;
				CLANG_WARN_OBJC_ROOT_CLASS = YES_ERROR;
				CLANG_WARN_RANGE_LOOP_ANALYSIS = YES;
				CLANG_WARN_STRICT_PROTOTYPES = YES;
				CLANG_WARN_SUSPICIOUS_MOVE = YES;
				CLANG_WARN_UNGUARDED_AVAILABILITY = YES_AGGRESSIVE;
				CLANG_WARN_UNREACHABLE_CODE = YES;
				CLANG_WARN__DUPLICATE_METHOD_MATCH = YES;
				CODE_SIGN_IDENTITY = "iPhone Developer";
				CODE_SIGN_STYLE = Automatic;
				COPY_PHASE_STRIP = NO;
				CURRENT_PROJECT_VERSION = 0.1.0;
				DEBUG_INFORMATION_FORMAT = "dwarf-with-dsym";
				DEFINES_MODULE = YES;
				DEVELOPMENT_TEAM = 7BK8NL3DYL;
				DYLIB_COMPATIBILITY_VERSION = 1;
				DYLIB_CURRENT_VERSION = 0.1.0;
				DYLIB_INSTALL_NAME_BASE = "@rpath";
				ENABLE_NS_ASSERTIONS = NO;
				ENABLE_STRICT_OBJC_MSGSEND = YES;
				GCC_C_LANGUAGE_STANDARD = gnu11;
				GCC_NO_COMMON_BLOCKS = YES;
				GCC_WARN_64_TO_32_BIT_CONVERSION = YES;
				GCC_WARN_ABOUT_RETURN_TYPE = YES_ERROR;
				GCC_WARN_UNDECLARED_SELECTOR = YES;
				GCC_WARN_UNINITIALIZED_AUTOS = YES_AGGRESSIVE;
				GCC_WARN_UNUSED_FUNCTION = YES;
				GCC_WARN_UNUSED_VARIABLE = YES;
				INFOPLIST_FILE = "Sources/MonitorMiddleware/Metadata/Info-iOS.plist";
				INSTALL_PATH = "$(LOCAL_LIBRARY_DIR)/Frameworks";
				LD_RUNPATH_SEARCH_PATHS = (
					"$(inherited)",
					"@executable_path/Frameworks",
					"@loader_path/Frameworks",
				);
				MTL_ENABLE_DEBUG_INFO = NO;
				PRODUCT_BUNDLE_IDENTIFIER = "de.developercity.SwiftRexMonitorMiddleware-iOS";
				PRODUCT_NAME = SwiftRexMonitorMiddleware;
				SDKROOT = iphoneos;
				SKIP_INSTALL = YES;
				SWIFT_COMPILATION_MODE = wholemodule;
				SWIFT_OPTIMIZATION_LEVEL = "-O";
				SWIFT_VERSION = 4.0;
				TARGETED_DEVICE_FAMILY = "1,2";
				VALIDATE_PRODUCT = YES;
				VERSIONING_SYSTEM = "apple-generic";
				VERSION_INFO_PREFIX = "";
			};
			name = Release;
		};
		D53C5183207A957000B4FA1D /* Debug */ = {
			isa = XCBuildConfiguration;
			buildSettings = {
				ALWAYS_SEARCH_USER_PATHS = NO;
				APPLICATION_EXTENSION_API_ONLY = YES;
				CLANG_ANALYZER_NONNULL = YES;
				CLANG_ANALYZER_NUMBER_OBJECT_CONVERSION = YES_AGGRESSIVE;
				CLANG_CXX_LANGUAGE_STANDARD = "gnu++14";
				CLANG_CXX_LIBRARY = "libc++";
				CLANG_ENABLE_MODULES = YES;
				CLANG_ENABLE_OBJC_ARC = YES;
				CLANG_ENABLE_OBJC_WEAK = YES;
				CLANG_WARN_BLOCK_CAPTURE_AUTORELEASING = YES;
				CLANG_WARN_BOOL_CONVERSION = YES;
				CLANG_WARN_COMMA = YES;
				CLANG_WARN_CONSTANT_CONVERSION = YES;
				CLANG_WARN_DEPRECATED_OBJC_IMPLEMENTATIONS = YES;
				CLANG_WARN_DIRECT_OBJC_ISA_USAGE = YES_ERROR;
				CLANG_WARN_DOCUMENTATION_COMMENTS = YES;
				CLANG_WARN_EMPTY_BODY = YES;
				CLANG_WARN_ENUM_CONVERSION = YES;
				CLANG_WARN_INFINITE_RECURSION = YES;
				CLANG_WARN_INT_CONVERSION = YES;
				CLANG_WARN_NON_LITERAL_NULL_CONVERSION = YES;
				CLANG_WARN_OBJC_IMPLICIT_RETAIN_SELF = YES;
				CLANG_WARN_OBJC_LITERAL_CONVERSION = YES;
				CLANG_WARN_OBJC_ROOT_CLASS = YES_ERROR;
				CLANG_WARN_RANGE_LOOP_ANALYSIS = YES;
				CLANG_WARN_STRICT_PROTOTYPES = YES;
				CLANG_WARN_SUSPICIOUS_MOVE = YES;
				CLANG_WARN_UNGUARDED_AVAILABILITY = YES_AGGRESSIVE;
				CLANG_WARN_UNREACHABLE_CODE = YES;
				CLANG_WARN__DUPLICATE_METHOD_MATCH = YES;
				CODE_SIGN_IDENTITY = "";
				CODE_SIGN_STYLE = Automatic;
				COPY_PHASE_STRIP = NO;
				CURRENT_PROJECT_VERSION = 0.1.0;
				DEBUG_INFORMATION_FORMAT = dwarf;
				DEFINES_MODULE = YES;
				DEVELOPMENT_TEAM = 7BK8NL3DYL;
				DYLIB_COMPATIBILITY_VERSION = 1;
				DYLIB_CURRENT_VERSION = 0.1.0;
				DYLIB_INSTALL_NAME_BASE = "@rpath";
				ENABLE_STRICT_OBJC_MSGSEND = YES;
				ENABLE_TESTABILITY = YES;
				GCC_C_LANGUAGE_STANDARD = gnu11;
				GCC_DYNAMIC_NO_PIC = NO;
				GCC_NO_COMMON_BLOCKS = YES;
				GCC_OPTIMIZATION_LEVEL = 0;
				GCC_PREPROCESSOR_DEFINITIONS = (
					"DEBUG=1",
					"$(inherited)",
				);
				GCC_WARN_64_TO_32_BIT_CONVERSION = YES;
				GCC_WARN_ABOUT_RETURN_TYPE = YES_ERROR;
				GCC_WARN_UNDECLARED_SELECTOR = YES;
				GCC_WARN_UNINITIALIZED_AUTOS = YES_AGGRESSIVE;
				GCC_WARN_UNUSED_FUNCTION = YES;
				GCC_WARN_UNUSED_VARIABLE = YES;
				INFOPLIST_FILE = "Sources/MonitorMiddleware/Metadata/Info-watchOS.plist";
				INSTALL_PATH = "$(LOCAL_LIBRARY_DIR)/Frameworks";
				LD_RUNPATH_SEARCH_PATHS = (
					"$(inherited)",
					"@executable_path/Frameworks",
					"@loader_path/Frameworks",
				);
				MTL_ENABLE_DEBUG_INFO = YES;
				ONLY_ACTIVE_ARCH = YES;
				PRODUCT_BUNDLE_IDENTIFIER = "de.developercity.SwiftRexMonitorMiddleware-watchOS";
				PRODUCT_NAME = SwiftRexMonitorMiddleware;
				SDKROOT = watchos;
				SKIP_INSTALL = YES;
				SWIFT_ACTIVE_COMPILATION_CONDITIONS = DEBUG;
				SWIFT_OPTIMIZATION_LEVEL = "-Onone";
				SWIFT_VERSION = 4.0;
				TARGETED_DEVICE_FAMILY = 4;
				VERSIONING_SYSTEM = "apple-generic";
				VERSION_INFO_PREFIX = "";
			};
			name = Debug;
		};
		D53C5184207A957000B4FA1D /* Release */ = {
			isa = XCBuildConfiguration;
			buildSettings = {
				ALWAYS_SEARCH_USER_PATHS = NO;
				APPLICATION_EXTENSION_API_ONLY = YES;
				CLANG_ANALYZER_NONNULL = YES;
				CLANG_ANALYZER_NUMBER_OBJECT_CONVERSION = YES_AGGRESSIVE;
				CLANG_CXX_LANGUAGE_STANDARD = "gnu++14";
				CLANG_CXX_LIBRARY = "libc++";
				CLANG_ENABLE_MODULES = YES;
				CLANG_ENABLE_OBJC_ARC = YES;
				CLANG_ENABLE_OBJC_WEAK = YES;
				CLANG_WARN_BLOCK_CAPTURE_AUTORELEASING = YES;
				CLANG_WARN_BOOL_CONVERSION = YES;
				CLANG_WARN_COMMA = YES;
				CLANG_WARN_CONSTANT_CONVERSION = YES;
				CLANG_WARN_DEPRECATED_OBJC_IMPLEMENTATIONS = YES;
				CLANG_WARN_DIRECT_OBJC_ISA_USAGE = YES_ERROR;
				CLANG_WARN_DOCUMENTATION_COMMENTS = YES;
				CLANG_WARN_EMPTY_BODY = YES;
				CLANG_WARN_ENUM_CONVERSION = YES;
				CLANG_WARN_INFINITE_RECURSION = YES;
				CLANG_WARN_INT_CONVERSION = YES;
				CLANG_WARN_NON_LITERAL_NULL_CONVERSION = YES;
				CLANG_WARN_OBJC_IMPLICIT_RETAIN_SELF = YES;
				CLANG_WARN_OBJC_LITERAL_CONVERSION = YES;
				CLANG_WARN_OBJC_ROOT_CLASS = YES_ERROR;
				CLANG_WARN_RANGE_LOOP_ANALYSIS = YES;
				CLANG_WARN_STRICT_PROTOTYPES = YES;
				CLANG_WARN_SUSPICIOUS_MOVE = YES;
				CLANG_WARN_UNGUARDED_AVAILABILITY = YES_AGGRESSIVE;
				CLANG_WARN_UNREACHABLE_CODE = YES;
				CLANG_WARN__DUPLICATE_METHOD_MATCH = YES;
				CODE_SIGN_IDENTITY = "";
				CODE_SIGN_STYLE = Automatic;
				COPY_PHASE_STRIP = NO;
				CURRENT_PROJECT_VERSION = 0.1.0;
				DEBUG_INFORMATION_FORMAT = "dwarf-with-dsym";
				DEFINES_MODULE = YES;
				DEVELOPMENT_TEAM = 7BK8NL3DYL;
				DYLIB_COMPATIBILITY_VERSION = 1;
				DYLIB_CURRENT_VERSION = 0.1.0;
				DYLIB_INSTALL_NAME_BASE = "@rpath";
				ENABLE_NS_ASSERTIONS = NO;
				ENABLE_STRICT_OBJC_MSGSEND = YES;
				GCC_C_LANGUAGE_STANDARD = gnu11;
				GCC_NO_COMMON_BLOCKS = YES;
				GCC_WARN_64_TO_32_BIT_CONVERSION = YES;
				GCC_WARN_ABOUT_RETURN_TYPE = YES_ERROR;
				GCC_WARN_UNDECLARED_SELECTOR = YES;
				GCC_WARN_UNINITIALIZED_AUTOS = YES_AGGRESSIVE;
				GCC_WARN_UNUSED_FUNCTION = YES;
				GCC_WARN_UNUSED_VARIABLE = YES;
				INFOPLIST_FILE = "Sources/MonitorMiddleware/Metadata/Info-watchOS.plist";
				INSTALL_PATH = "$(LOCAL_LIBRARY_DIR)/Frameworks";
				LD_RUNPATH_SEARCH_PATHS = (
					"$(inherited)",
					"@executable_path/Frameworks",
					"@loader_path/Frameworks",
				);
				MTL_ENABLE_DEBUG_INFO = NO;
				PRODUCT_BUNDLE_IDENTIFIER = "de.developercity.SwiftRexMonitorMiddleware-watchOS";
				PRODUCT_NAME = SwiftRexMonitorMiddleware;
				SDKROOT = watchos;
				SKIP_INSTALL = YES;
				SWIFT_COMPILATION_MODE = wholemodule;
				SWIFT_OPTIMIZATION_LEVEL = "-O";
				SWIFT_VERSION = 4.0;
				TARGETED_DEVICE_FAMILY = 4;
				VALIDATE_PRODUCT = YES;
				VERSIONING_SYSTEM = "apple-generic";
				VERSION_INFO_PREFIX = "";
			};
			name = Release;
		};
		D53C5190207A957E00B4FA1D /* Debug */ = {
			isa = XCBuildConfiguration;
			buildSettings = {
				ALWAYS_SEARCH_USER_PATHS = NO;
				APPLICATION_EXTENSION_API_ONLY = YES;
				CLANG_ANALYZER_NONNULL = YES;
				CLANG_ANALYZER_NUMBER_OBJECT_CONVERSION = YES_AGGRESSIVE;
				CLANG_CXX_LANGUAGE_STANDARD = "gnu++14";
				CLANG_CXX_LIBRARY = "libc++";
				CLANG_ENABLE_MODULES = YES;
				CLANG_ENABLE_OBJC_ARC = YES;
				CLANG_ENABLE_OBJC_WEAK = YES;
				CLANG_WARN_BLOCK_CAPTURE_AUTORELEASING = YES;
				CLANG_WARN_BOOL_CONVERSION = YES;
				CLANG_WARN_COMMA = YES;
				CLANG_WARN_CONSTANT_CONVERSION = YES;
				CLANG_WARN_DEPRECATED_OBJC_IMPLEMENTATIONS = YES;
				CLANG_WARN_DIRECT_OBJC_ISA_USAGE = YES_ERROR;
				CLANG_WARN_DOCUMENTATION_COMMENTS = YES;
				CLANG_WARN_EMPTY_BODY = YES;
				CLANG_WARN_ENUM_CONVERSION = YES;
				CLANG_WARN_INFINITE_RECURSION = YES;
				CLANG_WARN_INT_CONVERSION = YES;
				CLANG_WARN_NON_LITERAL_NULL_CONVERSION = YES;
				CLANG_WARN_OBJC_IMPLICIT_RETAIN_SELF = YES;
				CLANG_WARN_OBJC_LITERAL_CONVERSION = YES;
				CLANG_WARN_OBJC_ROOT_CLASS = YES_ERROR;
				CLANG_WARN_RANGE_LOOP_ANALYSIS = YES;
				CLANG_WARN_STRICT_PROTOTYPES = YES;
				CLANG_WARN_SUSPICIOUS_MOVE = YES;
				CLANG_WARN_UNGUARDED_AVAILABILITY = YES_AGGRESSIVE;
				CLANG_WARN_UNREACHABLE_CODE = YES;
				CLANG_WARN__DUPLICATE_METHOD_MATCH = YES;
				CODE_SIGN_IDENTITY = "";
				CODE_SIGN_STYLE = Automatic;
				COPY_PHASE_STRIP = NO;
				CURRENT_PROJECT_VERSION = 0.1.0;
				DEBUG_INFORMATION_FORMAT = dwarf;
				DEFINES_MODULE = YES;
				DEVELOPMENT_TEAM = 7BK8NL3DYL;
				DYLIB_COMPATIBILITY_VERSION = 1;
				DYLIB_CURRENT_VERSION = 0.1.0;
				DYLIB_INSTALL_NAME_BASE = "@rpath";
				ENABLE_STRICT_OBJC_MSGSEND = YES;
				ENABLE_TESTABILITY = YES;
				GCC_C_LANGUAGE_STANDARD = gnu11;
				GCC_DYNAMIC_NO_PIC = NO;
				GCC_NO_COMMON_BLOCKS = YES;
				GCC_OPTIMIZATION_LEVEL = 0;
				GCC_PREPROCESSOR_DEFINITIONS = (
					"DEBUG=1",
					"$(inherited)",
				);
				GCC_WARN_64_TO_32_BIT_CONVERSION = YES;
				GCC_WARN_ABOUT_RETURN_TYPE = YES_ERROR;
				GCC_WARN_UNDECLARED_SELECTOR = YES;
				GCC_WARN_UNINITIALIZED_AUTOS = YES_AGGRESSIVE;
				GCC_WARN_UNUSED_FUNCTION = YES;
				GCC_WARN_UNUSED_VARIABLE = YES;
				INFOPLIST_FILE = "Sources/MonitorMiddleware/Metadata/Info-tvOS.plist";
				INSTALL_PATH = "$(LOCAL_LIBRARY_DIR)/Frameworks";
				LD_RUNPATH_SEARCH_PATHS = (
					"$(inherited)",
					"@executable_path/Frameworks",
					"@loader_path/Frameworks",
				);
				MTL_ENABLE_DEBUG_INFO = YES;
				ONLY_ACTIVE_ARCH = YES;
				PRODUCT_BUNDLE_IDENTIFIER = "de.developercity.SwiftRexMonitorMiddleware-tvOS";
				PRODUCT_NAME = SwiftRexMonitorMiddleware;
				SDKROOT = appletvos;
				SKIP_INSTALL = YES;
				SWIFT_ACTIVE_COMPILATION_CONDITIONS = DEBUG;
				SWIFT_OPTIMIZATION_LEVEL = "-Onone";
				SWIFT_VERSION = 4.0;
				TARGETED_DEVICE_FAMILY = 3;
				VERSIONING_SYSTEM = "apple-generic";
				VERSION_INFO_PREFIX = "";
			};
			name = Debug;
		};
		D53C5191207A957E00B4FA1D /* Release */ = {
			isa = XCBuildConfiguration;
			buildSettings = {
				ALWAYS_SEARCH_USER_PATHS = NO;
				APPLICATION_EXTENSION_API_ONLY = YES;
				CLANG_ANALYZER_NONNULL = YES;
				CLANG_ANALYZER_NUMBER_OBJECT_CONVERSION = YES_AGGRESSIVE;
				CLANG_CXX_LANGUAGE_STANDARD = "gnu++14";
				CLANG_CXX_LIBRARY = "libc++";
				CLANG_ENABLE_MODULES = YES;
				CLANG_ENABLE_OBJC_ARC = YES;
				CLANG_ENABLE_OBJC_WEAK = YES;
				CLANG_WARN_BLOCK_CAPTURE_AUTORELEASING = YES;
				CLANG_WARN_BOOL_CONVERSION = YES;
				CLANG_WARN_COMMA = YES;
				CLANG_WARN_CONSTANT_CONVERSION = YES;
				CLANG_WARN_DEPRECATED_OBJC_IMPLEMENTATIONS = YES;
				CLANG_WARN_DIRECT_OBJC_ISA_USAGE = YES_ERROR;
				CLANG_WARN_DOCUMENTATION_COMMENTS = YES;
				CLANG_WARN_EMPTY_BODY = YES;
				CLANG_WARN_ENUM_CONVERSION = YES;
				CLANG_WARN_INFINITE_RECURSION = YES;
				CLANG_WARN_INT_CONVERSION = YES;
				CLANG_WARN_NON_LITERAL_NULL_CONVERSION = YES;
				CLANG_WARN_OBJC_IMPLICIT_RETAIN_SELF = YES;
				CLANG_WARN_OBJC_LITERAL_CONVERSION = YES;
				CLANG_WARN_OBJC_ROOT_CLASS = YES_ERROR;
				CLANG_WARN_RANGE_LOOP_ANALYSIS = YES;
				CLANG_WARN_STRICT_PROTOTYPES = YES;
				CLANG_WARN_SUSPICIOUS_MOVE = YES;
				CLANG_WARN_UNGUARDED_AVAILABILITY = YES_AGGRESSIVE;
				CLANG_WARN_UNREACHABLE_CODE = YES;
				CLANG_WARN__DUPLICATE_METHOD_MATCH = YES;
				CODE_SIGN_IDENTITY = "";
				CODE_SIGN_STYLE = Automatic;
				COPY_PHASE_STRIP = NO;
				CURRENT_PROJECT_VERSION = 0.1.0;
				DEBUG_INFORMATION_FORMAT = "dwarf-with-dsym";
				DEFINES_MODULE = YES;
				DEVELOPMENT_TEAM = 7BK8NL3DYL;
				DYLIB_COMPATIBILITY_VERSION = 1;
				DYLIB_CURRENT_VERSION = 0.1.0;
				DYLIB_INSTALL_NAME_BASE = "@rpath";
				ENABLE_NS_ASSERTIONS = NO;
				ENABLE_STRICT_OBJC_MSGSEND = YES;
				GCC_C_LANGUAGE_STANDARD = gnu11;
				GCC_NO_COMMON_BLOCKS = YES;
				GCC_WARN_64_TO_32_BIT_CONVERSION = YES;
				GCC_WARN_ABOUT_RETURN_TYPE = YES_ERROR;
				GCC_WARN_UNDECLARED_SELECTOR = YES;
				GCC_WARN_UNINITIALIZED_AUTOS = YES_AGGRESSIVE;
				GCC_WARN_UNUSED_FUNCTION = YES;
				GCC_WARN_UNUSED_VARIABLE = YES;
				INFOPLIST_FILE = "Sources/MonitorMiddleware/Metadata/Info-tvOS.plist";
				INSTALL_PATH = "$(LOCAL_LIBRARY_DIR)/Frameworks";
				LD_RUNPATH_SEARCH_PATHS = (
					"$(inherited)",
					"@executable_path/Frameworks",
					"@loader_path/Frameworks",
				);
				MTL_ENABLE_DEBUG_INFO = NO;
				PRODUCT_BUNDLE_IDENTIFIER = "de.developercity.SwiftRexMonitorMiddleware-tvOS";
				PRODUCT_NAME = SwiftRexMonitorMiddleware;
				SDKROOT = appletvos;
				SKIP_INSTALL = YES;
				SWIFT_COMPILATION_MODE = wholemodule;
				SWIFT_OPTIMIZATION_LEVEL = "-O";
				SWIFT_VERSION = 4.0;
				TARGETED_DEVICE_FAMILY = 3;
				VALIDATE_PRODUCT = YES;
				VERSIONING_SYSTEM = "apple-generic";
				VERSION_INFO_PREFIX = "";
			};
			name = Release;
		};
		D53C519D207A958A00B4FA1D /* Debug */ = {
			isa = XCBuildConfiguration;
			buildSettings = {
				ALWAYS_SEARCH_USER_PATHS = NO;
				APPLICATION_EXTENSION_API_ONLY = YES;
				CLANG_ANALYZER_NONNULL = YES;
				CLANG_ANALYZER_NUMBER_OBJECT_CONVERSION = YES_AGGRESSIVE;
				CLANG_CXX_LANGUAGE_STANDARD = "gnu++14";
				CLANG_CXX_LIBRARY = "libc++";
				CLANG_ENABLE_MODULES = YES;
				CLANG_ENABLE_OBJC_ARC = YES;
				CLANG_ENABLE_OBJC_WEAK = YES;
				CLANG_WARN_BLOCK_CAPTURE_AUTORELEASING = YES;
				CLANG_WARN_BOOL_CONVERSION = YES;
				CLANG_WARN_COMMA = YES;
				CLANG_WARN_CONSTANT_CONVERSION = YES;
				CLANG_WARN_DEPRECATED_OBJC_IMPLEMENTATIONS = YES;
				CLANG_WARN_DIRECT_OBJC_ISA_USAGE = YES_ERROR;
				CLANG_WARN_DOCUMENTATION_COMMENTS = YES;
				CLANG_WARN_EMPTY_BODY = YES;
				CLANG_WARN_ENUM_CONVERSION = YES;
				CLANG_WARN_INFINITE_RECURSION = YES;
				CLANG_WARN_INT_CONVERSION = YES;
				CLANG_WARN_NON_LITERAL_NULL_CONVERSION = YES;
				CLANG_WARN_OBJC_IMPLICIT_RETAIN_SELF = YES;
				CLANG_WARN_OBJC_LITERAL_CONVERSION = YES;
				CLANG_WARN_OBJC_ROOT_CLASS = YES_ERROR;
				CLANG_WARN_RANGE_LOOP_ANALYSIS = YES;
				CLANG_WARN_STRICT_PROTOTYPES = YES;
				CLANG_WARN_SUSPICIOUS_MOVE = YES;
				CLANG_WARN_UNGUARDED_AVAILABILITY = YES_AGGRESSIVE;
				CLANG_WARN_UNREACHABLE_CODE = YES;
				CLANG_WARN__DUPLICATE_METHOD_MATCH = YES;
				CODE_SIGN_IDENTITY = "Mac Developer";
				CODE_SIGN_STYLE = Automatic;
				COMBINE_HIDPI_IMAGES = YES;
				COPY_PHASE_STRIP = NO;
				CURRENT_PROJECT_VERSION = 0.1.0;
				DEBUG_INFORMATION_FORMAT = dwarf;
				DEFINES_MODULE = YES;
				DEVELOPMENT_TEAM = 7BK8NL3DYL;
				DYLIB_COMPATIBILITY_VERSION = 1;
				DYLIB_CURRENT_VERSION = 0.1.0;
				DYLIB_INSTALL_NAME_BASE = "@rpath";
				ENABLE_STRICT_OBJC_MSGSEND = YES;
				ENABLE_TESTABILITY = YES;
				FRAMEWORK_VERSION = A;
				GCC_C_LANGUAGE_STANDARD = gnu11;
				GCC_DYNAMIC_NO_PIC = NO;
				GCC_NO_COMMON_BLOCKS = YES;
				GCC_OPTIMIZATION_LEVEL = 0;
				GCC_PREPROCESSOR_DEFINITIONS = (
					"DEBUG=1",
					"$(inherited)",
				);
				GCC_WARN_64_TO_32_BIT_CONVERSION = YES;
				GCC_WARN_ABOUT_RETURN_TYPE = YES_ERROR;
				GCC_WARN_UNDECLARED_SELECTOR = YES;
				GCC_WARN_UNINITIALIZED_AUTOS = YES_AGGRESSIVE;
				GCC_WARN_UNUSED_FUNCTION = YES;
				GCC_WARN_UNUSED_VARIABLE = YES;
				INFOPLIST_FILE = "Sources/MonitorMiddleware/Metadata/Info-macOS.plist";
				INSTALL_PATH = "$(LOCAL_LIBRARY_DIR)/Frameworks";
				LD_RUNPATH_SEARCH_PATHS = (
					"$(inherited)",
					"@executable_path/../Frameworks",
					"@loader_path/Frameworks",
				);
				MTL_ENABLE_DEBUG_INFO = YES;
				ONLY_ACTIVE_ARCH = YES;
				PRODUCT_BUNDLE_IDENTIFIER = "de.developercity.SwiftRexMonitorMiddleware-macOS";
				PRODUCT_NAME = SwiftRexMonitorMiddleware;
				SDKROOT = macosx;
				SKIP_INSTALL = YES;
				SWIFT_ACTIVE_COMPILATION_CONDITIONS = DEBUG;
				SWIFT_OPTIMIZATION_LEVEL = "-Onone";
				SWIFT_VERSION = 4.0;
				VERSIONING_SYSTEM = "apple-generic";
				VERSION_INFO_PREFIX = "";
			};
			name = Debug;
		};
		D53C519E207A958A00B4FA1D /* Release */ = {
			isa = XCBuildConfiguration;
			buildSettings = {
				ALWAYS_SEARCH_USER_PATHS = NO;
				APPLICATION_EXTENSION_API_ONLY = YES;
				CLANG_ANALYZER_NONNULL = YES;
				CLANG_ANALYZER_NUMBER_OBJECT_CONVERSION = YES_AGGRESSIVE;
				CLANG_CXX_LANGUAGE_STANDARD = "gnu++14";
				CLANG_CXX_LIBRARY = "libc++";
				CLANG_ENABLE_MODULES = YES;
				CLANG_ENABLE_OBJC_ARC = YES;
				CLANG_ENABLE_OBJC_WEAK = YES;
				CLANG_WARN_BLOCK_CAPTURE_AUTORELEASING = YES;
				CLANG_WARN_BOOL_CONVERSION = YES;
				CLANG_WARN_COMMA = YES;
				CLANG_WARN_CONSTANT_CONVERSION = YES;
				CLANG_WARN_DEPRECATED_OBJC_IMPLEMENTATIONS = YES;
				CLANG_WARN_DIRECT_OBJC_ISA_USAGE = YES_ERROR;
				CLANG_WARN_DOCUMENTATION_COMMENTS = YES;
				CLANG_WARN_EMPTY_BODY = YES;
				CLANG_WARN_ENUM_CONVERSION = YES;
				CLANG_WARN_INFINITE_RECURSION = YES;
				CLANG_WARN_INT_CONVERSION = YES;
				CLANG_WARN_NON_LITERAL_NULL_CONVERSION = YES;
				CLANG_WARN_OBJC_IMPLICIT_RETAIN_SELF = YES;
				CLANG_WARN_OBJC_LITERAL_CONVERSION = YES;
				CLANG_WARN_OBJC_ROOT_CLASS = YES_ERROR;
				CLANG_WARN_RANGE_LOOP_ANALYSIS = YES;
				CLANG_WARN_STRICT_PROTOTYPES = YES;
				CLANG_WARN_SUSPICIOUS_MOVE = YES;
				CLANG_WARN_UNGUARDED_AVAILABILITY = YES_AGGRESSIVE;
				CLANG_WARN_UNREACHABLE_CODE = YES;
				CLANG_WARN__DUPLICATE_METHOD_MATCH = YES;
				CODE_SIGN_IDENTITY = "Mac Developer";
				CODE_SIGN_STYLE = Automatic;
				COMBINE_HIDPI_IMAGES = YES;
				COPY_PHASE_STRIP = NO;
				CURRENT_PROJECT_VERSION = 0.1.0;
				DEBUG_INFORMATION_FORMAT = "dwarf-with-dsym";
				DEFINES_MODULE = YES;
				DEVELOPMENT_TEAM = 7BK8NL3DYL;
				DYLIB_COMPATIBILITY_VERSION = 1;
				DYLIB_CURRENT_VERSION = 0.1.0;
				DYLIB_INSTALL_NAME_BASE = "@rpath";
				ENABLE_NS_ASSERTIONS = NO;
				ENABLE_STRICT_OBJC_MSGSEND = YES;
				FRAMEWORK_VERSION = A;
				GCC_C_LANGUAGE_STANDARD = gnu11;
				GCC_NO_COMMON_BLOCKS = YES;
				GCC_WARN_64_TO_32_BIT_CONVERSION = YES;
				GCC_WARN_ABOUT_RETURN_TYPE = YES_ERROR;
				GCC_WARN_UNDECLARED_SELECTOR = YES;
				GCC_WARN_UNINITIALIZED_AUTOS = YES_AGGRESSIVE;
				GCC_WARN_UNUSED_FUNCTION = YES;
				GCC_WARN_UNUSED_VARIABLE = YES;
				INFOPLIST_FILE = "Sources/MonitorMiddleware/Metadata/Info-macOS.plist";
				INSTALL_PATH = "$(LOCAL_LIBRARY_DIR)/Frameworks";
				LD_RUNPATH_SEARCH_PATHS = (
					"$(inherited)",
					"@executable_path/../Frameworks",
					"@loader_path/Frameworks",
				);
				MTL_ENABLE_DEBUG_INFO = NO;
				PRODUCT_BUNDLE_IDENTIFIER = "de.developercity.SwiftRexMonitorMiddleware-macOS";
				PRODUCT_NAME = SwiftRexMonitorMiddleware;
				SDKROOT = macosx;
				SKIP_INSTALL = YES;
				SWIFT_COMPILATION_MODE = wholemodule;
				SWIFT_OPTIMIZATION_LEVEL = "-O";
				SWIFT_VERSION = 4.0;
				VERSIONING_SYSTEM = "apple-generic";
				VERSION_INFO_PREFIX = "";
			};
			name = Release;
		};
		D53CC0C6207A94B400C5F5AB /* Debug */ = {
			isa = XCBuildConfiguration;
			buildSettings = {
				IPHONEOS_DEPLOYMENT_TARGET = 10.0;
				MACOSX_DEPLOYMENT_TARGET = 10.9;
				TVOS_DEPLOYMENT_TARGET = 10.0;
				WATCHOS_DEPLOYMENT_TARGET = 3.0;
			};
			name = Debug;
		};
		D53CC0C7207A94B400C5F5AB /* Release */ = {
			isa = XCBuildConfiguration;
			buildSettings = {
				IPHONEOS_DEPLOYMENT_TARGET = 10.0;
				MACOSX_DEPLOYMENT_TARGET = 10.9;
				TVOS_DEPLOYMENT_TARGET = 10.0;
				WATCHOS_DEPLOYMENT_TARGET = 3.0;
			};
			name = Release;
		};
/* End XCBuildConfiguration section */

/* Begin XCConfigurationList section */
		D53C5177207A956200B4FA1D /* Build configuration list for PBXNativeTarget "SwiftRexMonitorMiddleware iOS" */ = {
			isa = XCConfigurationList;
			buildConfigurations = (
				D53C5175207A956200B4FA1D /* Debug */,
				D53C5176207A956200B4FA1D /* Release */,
			);
			defaultConfigurationIsVisible = 0;
			defaultConfigurationName = Release;
		};
		D53C5182207A957000B4FA1D /* Build configuration list for PBXNativeTarget "SwiftRexMonitorMiddleware watchOS" */ = {
			isa = XCConfigurationList;
			buildConfigurations = (
				D53C5183207A957000B4FA1D /* Debug */,
				D53C5184207A957000B4FA1D /* Release */,
			);
			defaultConfigurationIsVisible = 0;
			defaultConfigurationName = Release;
		};
		D53C518F207A957E00B4FA1D /* Build configuration list for PBXNativeTarget "SwiftRexMonitorMiddleware tvOS" */ = {
			isa = XCConfigurationList;
			buildConfigurations = (
				D53C5190207A957E00B4FA1D /* Debug */,
				D53C5191207A957E00B4FA1D /* Release */,
			);
			defaultConfigurationIsVisible = 0;
			defaultConfigurationName = Release;
		};
		D53C519C207A958A00B4FA1D /* Build configuration list for PBXNativeTarget "SwiftRexMonitorMiddleware macOS" */ = {
			isa = XCConfigurationList;
			buildConfigurations = (
				D53C519D207A958A00B4FA1D /* Debug */,
				D53C519E207A958A00B4FA1D /* Release */,
			);
			defaultConfigurationIsVisible = 0;
			defaultConfigurationName = Release;
		};
		D53CC0C5207A94B400C5F5AB /* Build configuration list for PBXProject "SwiftRexMonitorMiddleware" */ = {
			isa = XCConfigurationList;
			buildConfigurations = (
				D53CC0C6207A94B400C5F5AB /* Debug */,
				D53CC0C7207A94B400C5F5AB /* Release */,
			);
			defaultConfigurationIsVisible = 0;
			defaultConfigurationName = Release;
		};
/* End XCConfigurationList section */
	};
	rootObject = D53CC0C2207A94B400C5F5AB /* Project object */;
}
