{
  "object": {
    "pins": [
      {
        "package": "Alamofire",
        "repositoryURL": "https://github.com/Alamofire/Alamofire.git",
        "state": {
          "branch": null,
          "revision": "f82c23a8a7ef8dc1a49a8bfc6a96883e79121864",
          "version": "5.5.0"
        }
      },
      {
        "package": "Json",
        "repositoryURL": "https://github.com/FullStack-Swift/Json",
        "state": {
          "branch": null,
          "revision": "b45da4388574b3dfadf7f166aaa962c561e34dd5",
          "version": "1.0.0"
        }
      },
      {
        "package": "Networking",
        "repositoryURL": "https://github.com/FullStack-Swift/Networking",
        "state": {
          "branch": null,
          "revision": "fdbb1c94caf8ead0a26c622e8c08cbd6f6ebb8ac",
          "version": "1.0.0"
        }
      },
      {
        "package": "ReactiveSwift",
        "repositoryURL": "https://github.com/ReactiveCocoa/ReactiveSwift.git",
        "state": {
          "branch": null,
          "revision": "efb2f0a6f6c8739cce8fb14148a5bd3c83f2f91d",
          "version": "7.0.0"
        }
      },
      {
        "package": "RxSwift",
        "repositoryURL": "https://github.com/ReactiveX/RxSwift.git",
        "state": {
          "branch": null,
          "revision": "b4307ba0b6425c0ba4178e138799946c3da594f8",
          "version": "6.5.0"
        }
      },
      {
        "package": "Starscream",
        "repositoryURL": "https://github.com/daltoniam/Starscream.git",
        "state": {
          "branch": null,
          "revision": "df8d82047f6654d8e4b655d1b1525c64e1059d21",
          "version": "4.0.4"
        }
      },
      {
        "package": "SwiftExtension",
        "repositoryURL": "https://github.com/FullStack-Swift/SwiftExtension",
        "state": {
          "branch": null,
          "revision": "cdbd56e6cf32fa0eb97a1fba445736cbe8b8e622",
          "version": "1.0.0"
        }
      },
      {
        "package": "SwiftRex",
        "repositoryURL": "https://github.com/SwiftRex/SwiftRex.git",
        "state": {
          "branch": null,
          "revision": "109b82bd32cd1d1b417d000deb020254dccea97b",
          "version": "0.8.11"
        }
      }
    ]
  },
  "version": 1
}
